
Microsoft Visual Studio Solution File, Format Version 12.00
Project("{FAE04EC0-301F-11D3-BF4B-00C04F79EFBC}") = "LightMotor", "LightMotor\LightMotor.csproj", "{AE91D1CD-697A-4DAE-AA2E-2ED07BE791AD}"
EndProject
Project("{FAE04EC0-301F-11D3-BF4B-00C04F79EFBC}") = "FormsLightMotor", "FormsLightMotor\FormsLightMotor.csproj", "{75E065EA-5F11-4D55-A6CD-AE188E3178B1}"
EndProject
Project("{FAE04EC0-301F-11D3-BF4B-00C04F79EFBC}") = "WinPersistance", "WinPersistance\WinPersistance.csproj", "{54B6E7DF-07DE-48AF-82C7-A330EED10FD3}"
EndProject
Project("{FAE04EC0-301F-11D3-BF4B-00C04F79EFBC}") = "LightMotor.Tests", "LightMotor.Tests\LightMotor.Tests.csproj", "{66491887-A926-43A7-B0B6-81EA24C75384}"
EndProject
Project("{FAE04EC0-301F-11D3-BF4B-00C04F79EFBC}") = "WinPersistance.Tests", "WinPersistance.Tests\WinPersistance.Tests.csproj", "{5E797AD1-C6AB-4E89-B8CF-B733E11ADA21}"
EndProject
Project("{FAE04EC0-301F-11D3-BF4B-00C04F79EFBC}") = "WPFLightMotor", "WPFLightMotor\WPFLightMotor.csproj", "{803E3C54-228F-48D3-ABBF-D8126216487A}"
EndProject
Project("{FAE04EC0-301F-11D3-BF4B-00C04F79EFBC}") = "LightMotorViewModel", "LightMotorViewModel\LightMotorViewModel.csproj", "{DF26EEEE-C6C3-4888-9E8A-0B0334011451}"
EndProject
Project("{2150E333-8FDC-42A3-9474-1A3956D46DE8}") = "WPF", "WPF", "{76826AA7-C2A3-43EE-9218-D4E8B7ADA94A}"
EndProject
Project("{2150E333-8FDC-42A3-9474-1A3956D46DE8}") = "Forms", "Forms", "{24BCE082-63B0-4140-9D3E-53F46E12568D}"
EndProject
Global
	GlobalSection(SolutionConfigurationPlatforms) = preSolution
		Debug|Any CPU = Debug|Any CPU
		Release|Any CPU = Release|Any CPU
	EndGlobalSection
	GlobalSection(ProjectConfigurationPlatforms) = postSolution
		{AE91D1CD-697A-4DAE-AA2E-2ED07BE791AD}.Debug|Any CPU.ActiveCfg = Debug|Any CPU
		{AE91D1CD-697A-4DAE-AA2E-2ED07BE791AD}.Debug|Any CPU.Build.0 = Debug|Any CPU
		{AE91D1CD-697A-4DAE-AA2E-2ED07BE791AD}.Release|Any CPU.ActiveCfg = Release|Any CPU
		{AE91D1CD-697A-4DAE-AA2E-2ED07BE791AD}.Release|Any CPU.Build.0 = Release|Any CPU
		{75E065EA-5F11-4D55-A6CD-AE188E3178B1}.Debug|Any CPU.ActiveCfg = Debug|Any CPU
		{75E065EA-5F11-4D55-A6CD-AE188E3178B1}.Debug|Any CPU.Build.0 = Debug|Any CPU
		{75E065EA-5F11-4D55-A6CD-AE188E3178B1}.Release|Any CPU.ActiveCfg = Release|Any CPU
		{75E065EA-5F11-4D55-A6CD-AE188E3178B1}.Release|Any CPU.Build.0 = Release|Any CPU
		{54B6E7DF-07DE-48AF-82C7-A330EED10FD3}.Debug|Any CPU.ActiveCfg = Debug|Any CPU
		{54B6E7DF-07DE-48AF-82C7-A330EED10FD3}.Debug|Any CPU.Build.0 = Debug|Any CPU
		{54B6E7DF-07DE-48AF-82C7-A330EED10FD3}.Release|Any CPU.ActiveCfg = Release|Any CPU
		{54B6E7DF-07DE-48AF-82C7-A330EED10FD3}.Release|Any CPU.Build.0 = Release|Any CPU
		{66491887-A926-43A7-B0B6-81EA24C75384}.Debug|Any CPU.ActiveCfg = Debug|Any CPU
		{66491887-A926-43A7-B0B6-81EA24C75384}.Debug|Any CPU.Build.0 = Debug|Any CPU
		{66491887-A926-43A7-B0B6-81EA24C75384}.Release|Any CPU.ActiveCfg = Release|Any CPU
		{66491887-A926-43A7-B0B6-81EA24C75384}.Release|Any CPU.Build.0 = Release|Any CPU
		{5E797AD1-C6AB-4E89-B8CF-B733E11ADA21}.Debug|Any CPU.ActiveCfg = Debug|Any CPU
		{5E797AD1-C6AB-4E89-B8CF-B733E11ADA21}.Debug|Any CPU.Build.0 = Debug|Any CPU
		{5E797AD1-C6AB-4E89-B8CF-B733E11ADA21}.Release|Any CPU.ActiveCfg = Release|Any CPU
		{5E797AD1-C6AB-4E89-B8CF-B733E11ADA21}.Release|Any CPU.Build.0 = Release|Any CPU
		{803E3C54-228F-48D3-ABBF-D8126216487A}.Debug|Any CPU.ActiveCfg = Debug|Any CPU
		{803E3C54-228F-48D3-ABBF-D8126216487A}.Debug|Any CPU.Build.0 = Debug|Any CPU
		{803E3C54-228F-48D3-ABBF-D8126216487A}.Release|Any CPU.ActiveCfg = Release|Any CPU
		{803E3C54-228F-48D3-ABBF-D8126216487A}.Release|Any CPU.Build.0 = Release|Any CPU
		{DF26EEEE-C6C3-4888-9E8A-0B0334011451}.Debug|Any CPU.ActiveCfg = Debug|Any CPU
		{DF26EEEE-C6C3-4888-9E8A-0B0334011451}.Debug|Any CPU.Build.0 = Debug|Any CPU
		{DF26EEEE-C6C3-4888-9E8A-0B0334011451}.Release|Any CPU.ActiveCfg = Release|Any CPU
		{DF26EEEE-C6C3-4888-9E8A-0B0334011451}.Release|Any CPU.Build.0 = Release|Any CPU
	EndGlobalSection
	GlobalSection(NestedProjects) = preSolution
		{75E065EA-5F11-4D55-A6CD-AE188E3178B1} = {24BCE082-63B0-4140-9D3E-53F46E12568D}
		{803E3C54-228F-48D3-ABBF-D8126216487A} = {76826AA7-C2A3-43EE-9218-D4E8B7ADA94A}
	EndGlobalSection
EndGlobal
